
Microsoft Visual Studio Solution File, Format Version 12.00
# Visual Studio 2012
Project("{FAE04EC0-301F-11D3-BF4B-00C04F79EFBC}") = "MassivePixel.Clay", "MassivePixel.Clay\MassivePixel.Clay.csproj", "{F6017B4C-77B6-410A-8F35-51AF79BD54F0}"
EndProject
Project("{FAE04EC0-301F-11D3-BF4B-00C04F79EFBC}") = "MassivePixel.Clay.Tests", "..\tests\MassivePixel.Clay.Tests\MassivePixel.Clay.Tests.csproj", "{5D497638-0AD0-46BC-A332-6D59FFD5F83E}"
EndProject
Global
	GlobalSection(SolutionConfigurationPlatforms) = preSolution
		Debug|Any CPU = Debug|Any CPU
		Release|Any CPU = Release|Any CPU
	EndGlobalSection
	GlobalSection(ProjectConfigurationPlatforms) = postSolution
		{F6017B4C-77B6-410A-8F35-51AF79BD54F0}.Debug|Any CPU.ActiveCfg = Debug|Any CPU
		{F6017B4C-77B6-410A-8F35-51AF79BD54F0}.Debug|Any CPU.Build.0 = Debug|Any CPU
		{F6017B4C-77B6-410A-8F35-51AF79BD54F0}.Release|Any CPU.ActiveCfg = Release|Any CPU
		{F6017B4C-77B6-410A-8F35-51AF79BD54F0}.Release|Any CPU.Build.0 = Release|Any CPU
		{5D497638-0AD0-46BC-A332-6D59FFD5F83E}.Debug|Any CPU.ActiveCfg = Debug|Any CPU
		{5D497638-0AD0-46BC-A332-6D59FFD5F83E}.Debug|Any CPU.Build.0 = Debug|Any CPU
		{5D497638-0AD0-46BC-A332-6D59FFD5F83E}.Release|Any CPU.ActiveCfg = Release|Any CPU
		{5D497638-0AD0-46BC-A332-6D59FFD5F83E}.Release|Any CPU.Build.0 = Release|Any CPU
	EndGlobalSection
EndGlobal
